{
  "name": "canvas",
  "version": "1.0.0",
  "lockfileVersion": 2,
  "requires": true,
  "packages": {
    "": {
      "version": "1.0.0",
      "license": "ISC",
      "dependencies": {
        "acorn": "^8.0.5",
        "paper": "^0.12.8"
      }
    },
    "node_modules/acorn": {
      "version": "8.0.5",
      "resolved": "https://registry.npmjs.org/acorn/-/acorn-8.0.5.tgz",
      "integrity": "sha512-v+DieK/HJkJOpFBETDJioequtc3PfxsWMaxIdIwujtF7FEV/MAyDQLlm6/zPvr7Mix07mLh6ccVwIsloceodlg==",
      "bin": {
        "acorn": "bin/acorn"
      },
      "engines": {
        "node": ">=0.4.0"
      }
    },
    "node_modules/paper": {
      "version": "0.12.8",
      "resolved": "https://registry.npmjs.org/paper/-/paper-0.12.8.tgz",
      "integrity": "sha512-aFzTOs4UgLPVJaCHkWp4KD9H3e5ibM61h+wNEjN4ZJu+JMLoivm1GKU2PdqL4DL/Ye490cQOIuUmeSz8dVdN6Q==",
      "engines": {
        "node": ">=8.0.0"
      }
    }
  },
  "dependencies": {
    "acorn": {
      "version": "8.0.5",
      "resolved": "https://registry.npmjs.org/acorn/-/acorn-8.0.5.tgz",
      "integrity": "sha512-v+DieK/HJkJOpFBETDJioequtc3PfxsWMaxIdIwujtF7FEV/MAyDQLlm6/zPvr7Mix07mLh6ccVwIsloceodlg=="
    },
    "paper": {
      "version": "0.12.8",
      "resolved": "https://registry.npmjs.org/paper/-/paper-0.12.8.tgz",
      "integrity": "sha512-aFzTOs4UgLPVJaCHkWp4KD9H3e5ibM61h+wNEjN4ZJu+JMLoivm1GKU2PdqL4DL/Ye490cQOIuUmeSz8dVdN6Q=="
    }
  }
}
